{
    "version": 3,
    "terraform_version": "0.11.7",
    "serial": 4,
    "lineage": "f46ffb8f-de75-21da-7124-9756b4d50604",
    "modules": [
        {
            "path": [
                "root"
            ],
            "outputs": {},
            "resources": {
                "aws_eip.jobbatical-ngw-eip": {
                    "type": "aws_eip",
                    "depends_on": [],
                    "primary": {
                        "id": "eipalloc-6520646d",
                        "attributes": {
                            "association_id": "eipassoc-e1b88d3b",
                            "domain": "vpc",
                            "id": "eipalloc-6520646d",
                            "instance": "",
                            "network_interface": "eni-fbce2568",
                            "private_ip": "7.0.0.13",
                            "public_ip": "18.232.241.166",
                            "tags.%": "0",
                            "vpc": "true"
                        },
                        "meta": {
                            "e2bfb730-ecaa-11e6-8f88-34363bc7c4c0": {
                                "delete": 180000000000,
                                "read": 900000000000,
                                "update": 300000000000
                            }
                        },
                        "tainted": false
                    },
                    "deposed": [],
                    "provider": "provider.aws"
                },
                "aws_internet_gateway.jobbatical-igw": {
                    "type": "aws_internet_gateway",
                    "depends_on": [
                        "aws_vpc.jobbatical-vpc"
                    ],
                    "primary": {
                        "id": "igw-69e3c611",
                        "attributes": {
                            "id": "igw-69e3c611",
                            "tags.%": "1",
                            "tags.Name": "jobbatical-igw",
                            "vpc_id": "vpc-df06e0a5"
                        },
                        "meta": {},
                        "tainted": false
                    },
                    "deposed": [],
                    "provider": "provider.aws"
                },
                "aws_nat_gateway.jobbatical-ngw": {
                    "type": "aws_nat_gateway",
                    "depends_on": [
                        "aws_eip.jobbatical-ngw-eip",
                        "aws_subnet.jobbatical-subnet.*"
                    ],
                    "primary": {
                        "id": "nat-06250be50b51ba5b4",
                        "attributes": {
                            "allocation_id": "eipalloc-6520646d",
                            "id": "nat-06250be50b51ba5b4",
                            "network_interface_id": "eni-fbce2568",
                            "private_ip": "7.0.0.13",
                            "public_ip": "18.232.241.166",
                            "subnet_id": "subnet-2f553965",
                            "tags.%": "1",
                            "tags.Name": "jobbatical-igw"
                        },
                        "meta": {},
                        "tainted": false
                    },
                    "deposed": [],
                    "provider": "provider.aws"
                },
                "aws_route_table.jobbatical-private-rtb": {
                    "type": "aws_route_table",
                    "depends_on": [
                        "aws_nat_gateway.jobbatical-ngw",
                        "aws_vpc.jobbatical-vpc"
                    ],
                    "primary": {
                        "id": "rtb-682cf317",
                        "attributes": {
                            "id": "rtb-682cf317",
                            "propagating_vgws.#": "0",
                            "route.#": "1",
                            "route.1268150732.cidr_block": "0.0.0.0/0",
                            "route.1268150732.egress_only_gateway_id": "",
                            "route.1268150732.gateway_id": "",
                            "route.1268150732.instance_id": "",
                            "route.1268150732.ipv6_cidr_block": "",
                            "route.1268150732.nat_gateway_id": "nat-06250be50b51ba5b4",
                            "route.1268150732.network_interface_id": "",
                            "route.1268150732.vpc_peering_connection_id": "",
                            "tags.%": "1",
                            "tags.Name": "jobbatical-private-rtb",
                            "vpc_id": "vpc-df06e0a5"
                        },
                        "meta": {},
                        "tainted": false
                    },
                    "deposed": [],
                    "provider": "provider.aws"
                },
                "aws_route_table.jobbatical-public-rtb": {
                    "type": "aws_route_table",
                    "depends_on": [
                        "aws_internet_gateway.jobbatical-igw",
                        "aws_vpc.jobbatical-vpc"
                    ],
                    "primary": {
                        "id": "rtb-a82cf3d7",
                        "attributes": {
                            "id": "rtb-a82cf3d7",
                            "propagating_vgws.#": "0",
                            "route.#": "1",
                            "route.1746403620.cidr_block": "0.0.0.0/0",
                            "route.1746403620.egress_only_gateway_id": "",
                            "route.1746403620.gateway_id": "igw-69e3c611",
                            "route.1746403620.instance_id": "",
                            "route.1746403620.ipv6_cidr_block": "",
                            "route.1746403620.nat_gateway_id": "",
                            "route.1746403620.network_interface_id": "",
                            "route.1746403620.vpc_peering_connection_id": "",
                            "tags.%": "1",
                            "tags.Name": "jobbatical-public-rtb",
                            "vpc_id": "vpc-df06e0a5"
                        },
                        "meta": {},
                        "tainted": false
                    },
                    "deposed": [],
                    "provider": "provider.aws"
                },
                "aws_route_table_association.jobbatical-rtb-asc-1": {
                    "type": "aws_route_table_association",
                    "depends_on": [
                        "aws_route_table.jobbatical-public-rtb",
                        "aws_subnet.jobbatical-subnet.*"
                    ],
                    "primary": {
                        "id": "rtbassoc-d96285a7",
                        "attributes": {
                            "id": "rtbassoc-d96285a7",
                            "route_table_id": "rtb-a82cf3d7",
                            "subnet_id": "subnet-2f553965"
                        },
                        "meta": {},
                        "tainted": false
                    },
                    "deposed": [],
                    "provider": "provider.aws"
                },
                "aws_route_table_association.jobbatical-rtb-asc-2": {
                    "type": "aws_route_table_association",
                    "depends_on": [
                        "aws_route_table.jobbatical-private-rtb",
                        "aws_subnet.jobbatical-subnet.*"
                    ],
                    "primary": {
                        "id": "rtbassoc-e263849c",
                        "attributes": {
                            "id": "rtbassoc-e263849c",
                            "route_table_id": "rtb-682cf317",
                            "subnet_id": "subnet-555a8309"
                        },
                        "meta": {},
                        "tainted": false
                    },
                    "deposed": [],
                    "provider": "provider.aws"
                },
                "aws_subnet.jobbatical-subnet.0": {
                    "type": "aws_subnet",
                    "depends_on": [
                        "aws_vpc.jobbatical-vpc",
                        "data.aws_availability_zones.available"
                    ],
                    "primary": {
                        "id": "subnet-2f553965",
                        "attributes": {
                            "assign_ipv6_address_on_creation": "false",
                            "availability_zone": "us-east-1a",
                            "cidr_block": "7.0.0.0/24",
                            "id": "subnet-2f553965",
                            "map_public_ip_on_launch": "false",
                            "tags.%": "2",
                            "tags.Name": "jobbatical-subnet-1",
                            "tags.kubernetes.io/cluster/jobbatical-eks-cluster": "shared",
                            "vpc_id": "vpc-df06e0a5"
                        },
                        "meta": {
                            "schema_version": "1"
                        },
                        "tainted": false
                    },
                    "deposed": [],
                    "provider": "provider.aws"
                },
                "aws_subnet.jobbatical-subnet.1": {
                    "type": "aws_subnet",
                    "depends_on": [
                        "aws_vpc.jobbatical-vpc",
                        "data.aws_availability_zones.available"
                    ],
                    "primary": {
                        "id": "subnet-555a8309",
                        "attributes": {
                            "assign_ipv6_address_on_creation": "false",
                            "availability_zone": "us-east-1b",
                            "cidr_block": "7.0.1.0/24",
                            "id": "subnet-555a8309",
                            "map_public_ip_on_launch": "false",
                            "tags.%": "2",
                            "tags.Name": "jobbatical-subnet-2",
                            "tags.kubernetes.io/cluster/jobbatical-eks-cluster": "shared",
                            "vpc_id": "vpc-df06e0a5"
                        },
                        "meta": {
                            "schema_version": "1"
                        },
                        "tainted": false
                    },
                    "deposed": [],
                    "provider": "provider.aws"
                },
                "aws_vpc.jobbatical-vpc": {
                    "type": "aws_vpc",
                    "depends_on": [],
                    "primary": {
                        "id": "vpc-df06e0a5",
                        "attributes": {
                            "assign_generated_ipv6_cidr_block": "false",
                            "cidr_block": "7.0.0.0/16",
                            "default_network_acl_id": "acl-2054165a",
                            "default_route_table_id": "rtb-3c2ff043",
                            "default_security_group_id": "sg-32912b79",
                            "dhcp_options_id": "dopt-dd0864ba",
                            "enable_classiclink": "false",
                            "enable_classiclink_dns_support": "false",
                            "enable_dns_hostnames": "false",
                            "enable_dns_support": "true",
                            "id": "vpc-df06e0a5",
                            "instance_tenancy": "default",
                            "main_route_table_id": "rtb-3c2ff043",
                            "tags.%": "2",
                            "tags.Name": "jobbatical-vpc",
                            "tags.kubernetes.io/cluster/jobbatical-eks-cluster": "shared"
                        },
                        "meta": {
                            "schema_version": "1"
                        },
                        "tainted": false
                    },
                    "deposed": [],
                    "provider": "provider.aws"
                },
                "data.aws_availability_zones.available": {
                    "type": "aws_availability_zones",
                    "depends_on": [],
                    "primary": {
                        "id": "2018-06-21 05:50:03.234179 +0000 UTC",
                        "attributes": {
                            "id": "2018-06-21 05:50:03.234179 +0000 UTC",
                            "names.#": "6",
                            "names.0": "us-east-1a",
                            "names.1": "us-east-1b",
                            "names.2": "us-east-1c",
                            "names.3": "us-east-1d",
                            "names.4": "us-east-1e",
                            "names.5": "us-east-1f"
                        },
                        "meta": {},
                        "tainted": false
                    },
                    "deposed": [],
                    "provider": "provider.aws"
                }
            },
            "depends_on": []
        }
    ]
}
